SITE
  remote: http://community.opscode.com/api/v1
  specs:
    build-essential (1.3.4)
    chef_handler (1.1.4)
    dmg (1.1.0)
    git (2.3.0)
      build-essential (>= 0.0.0)
      dmg (>= 0.0.0)
      runit (~> 1.0)
      windows (>= 0.0.0)
      yum (>= 0.0.0)
    runit (1.1.0)
      build-essential (>= 0.0.0)
    sudo (2.0.4)
    windows (1.8.4)
      chef_handler (>= 0.0.0)
    yum (2.2.0)

GIT
  remote: git://github.com/kentaro/chef-plenv.git
  ref: master
  sha: f5fe6a5a7c43be2bf9a448213de381b4c8afddcd
  specs:
    plenv (0.1.0)
      build-essential (>= 0.0.0)
      git (>= 0.0.0)

GIT
  remote: git://github.com/kentaro/chef-redis.git
  ref: master
  sha: 54a20fe89da33812034e64ab69a371e7b2e918d4
  specs:
    redis (0.0.4)

DEPENDENCIES
  build-essential (>= 0)
  git (>= 0)
  plenv (>= 0)
  redis (>= 0)
  sudo (>= 0)
  yum (>= 0)

