SITE
  remote: http://community.opscode.com/api/v1
  specs:
    build-essential (1.3.4)
    chef_handler (1.1.4)
    dmg (1.1.0)
    git (2.3.0)
      build-essential (>= 0.0.0)
      dmg (>= 0.0.0)
      runit (~> 1.0)
      windows (>= 0.0.0)
      yum (>= 0.0.0)
    runit (1.1.0)
      build-essential (>= 0.0.0)
    sudo (2.0.4)
    windows (1.8.4)
      chef_handler (>= 0.0.0)
    yum (2.2.0)

GIT
  remote: git://github.com/kentaro/chef-redis.git
  ref: master
  sha: 54a20fe89da33812034e64ab69a371e7b2e918d4
  specs:
    redis (0.0.4)

GIT
  remote: git://github.com/studio3104/chef-xbuild.git
  ref: master
  sha: 9c2bc1d573798ba0114c412899e73ac6e8db64b4
  specs:
    xbuild (0.1.0)
      build-essential (>= 0.0.0)
      git (>= 0.0.0)
      yum (>= 0.0.0)

DEPENDENCIES
  build-essential (>= 0)
  git (>= 0)
  redis (>= 0)
  sudo (>= 0)
  xbuild (>= 0)
  yum (>= 0)

